
Microsoft Visual Studio Solution File, Format Version 12.00
# Visual Studio Version 16
VisualStudioVersion = 16.0.29709.97
MinimumVisualStudioVersion = 10.0.40219.1
Project("{FAE04EC0-301F-11D3-BF4B-00C04F79EFBC}") = "FractalService", "FractalService\FractalService.csproj", "{51B4B354-6C79-40DC-8F61-BDC7479A951E}"
EndProject
Global
	GlobalSection(SolutionConfigurationPlatforms) = preSolution
		Debug|Any CPU = Debug|Any CPU
		Release|Any CPU = Release|Any CPU
	EndGlobalSection
	GlobalSection(ProjectConfigurationPlatforms) = postSolution
		{51B4B354-6C79-40DC-8F61-BDC7479A951E}.Debug|Any CPU.ActiveCfg = Debug|Any CPU
		{51B4B354-6C79-40DC-8F61-BDC7479A951E}.Debug|Any CPU.Build.0 = Debug|Any CPU
		{51B4B354-6C79-40DC-8F61-BDC7479A951E}.Release|Any CPU.ActiveCfg = Release|Any CPU
		{51B4B354-6C79-40DC-8F61-BDC7479A951E}.Release|Any CPU.Build.0 = Release|Any CPU
	EndGlobalSection
	GlobalSection(SolutionProperties) = preSolution
		HideSolutionNode = FALSE
	EndGlobalSection
	GlobalSection(ExtensibilityGlobals) = postSolution
		SolutionGuid = {32025BA7-395D-40F1-A9B7-4444DC271775}
	EndGlobalSection
EndGlobal
